
Microsoft Visual Studio Solution File, Format Version 12.00
# Visual Studio Version 16
VisualStudioVersion = 25.0.1706.7
MinimumVisualStudioVersion = 10.0.40219.1
Project("{FAE04EC0-301F-11D3-BF4B-00C04F79EFBC}") = "ExpenseTrackerProject", "ExpenseTrackerProject\ExpenseTrackerProject.csproj", "{5B958557-F482-4872-A280-E564EEB4F1B1}"
EndProject
Global
	GlobalSection(SolutionConfigurationPlatforms) = preSolution
		Debug|Any CPU = Debug|Any CPU
		Release|Any CPU = Release|Any CPU
	EndGlobalSection
	GlobalSection(ProjectConfigurationPlatforms) = postSolution
		{5B958557-F482-4872-A280-E564EEB4F1B1}.Debug|Any CPU.ActiveCfg = Debug|Any CPU
		{5B958557-F482-4872-A280-E564EEB4F1B1}.Debug|Any CPU.Build.0 = Debug|Any CPU
		{5B958557-F482-4872-A280-E564EEB4F1B1}.Release|Any CPU.ActiveCfg = Release|Any CPU
		{5B958557-F482-4872-A280-E564EEB4F1B1}.Release|Any CPU.Build.0 = Release|Any CPU
	EndGlobalSection
	GlobalSection(SolutionProperties) = preSolution
		HideSolutionNode = FALSE
	EndGlobalSection
	GlobalSection(ExtensibilityGlobals) = postSolution
		SolutionGuid = {5AD16378-A6AF-4B4E-971A-CEBDEB423764}
	EndGlobalSection
EndGlobal
